
Microsoft Visual Studio Solution File, Format Version 12.00
# Visual Studio Version 16
VisualStudioVersion = 16.0.30114.105
MinimumVisualStudioVersion = 10.0.40219.1
Project("{FAE04EC0-301F-11D3-BF4B-00C04F79EFBC}") = "Relojes", "Relojes\Relojes.csproj", "{3A3F9218-7CD3-46EA-BAC3-028F6A90419F}"
EndProject
Project("{FAE04EC0-301F-11D3-BF4B-00C04F79EFBC}") = "Entidades", "Entidades\Entidades.csproj", "{A7EB4D1A-6E2D-441E-A9B2-DA83D2984BE7}"
EndProject
Global
	GlobalSection(SolutionConfigurationPlatforms) = preSolution
		Debug|Any CPU = Debug|Any CPU
		Release|Any CPU = Release|Any CPU
	EndGlobalSection
	GlobalSection(ProjectConfigurationPlatforms) = postSolution
		{3A3F9218-7CD3-46EA-BAC3-028F6A90419F}.Debug|Any CPU.ActiveCfg = Debug|Any CPU
		{3A3F9218-7CD3-46EA-BAC3-028F6A90419F}.Debug|Any CPU.Build.0 = Debug|Any CPU
		{3A3F9218-7CD3-46EA-BAC3-028F6A90419F}.Release|Any CPU.ActiveCfg = Release|Any CPU
		{3A3F9218-7CD3-46EA-BAC3-028F6A90419F}.Release|Any CPU.Build.0 = Release|Any CPU
		{A7EB4D1A-6E2D-441E-A9B2-DA83D2984BE7}.Debug|Any CPU.ActiveCfg = Debug|Any CPU
		{A7EB4D1A-6E2D-441E-A9B2-DA83D2984BE7}.Debug|Any CPU.Build.0 = Debug|Any CPU
		{A7EB4D1A-6E2D-441E-A9B2-DA83D2984BE7}.Release|Any CPU.ActiveCfg = Release|Any CPU
		{A7EB4D1A-6E2D-441E-A9B2-DA83D2984BE7}.Release|Any CPU.Build.0 = Release|Any CPU
	EndGlobalSection
	GlobalSection(SolutionProperties) = preSolution
		HideSolutionNode = FALSE
	EndGlobalSection
	GlobalSection(ExtensibilityGlobals) = postSolution
		SolutionGuid = {769CD5EE-D8EF-4CBD-A8D9-3F7CD8AE5553}
	EndGlobalSection
EndGlobal
